
Microsoft Visual Studio Solution File, Format Version 12.00
# Visual Studio 2012
Project("{FAE04EC0-301F-11D3-BF4B-00C04F79EFBC}") = "map-test", "map-test\map-test.csproj", "{BB0BF81E-7E36-4518-ACA9-9DAF7D39BCF4}"
EndProject
Project("{FAE04EC0-301F-11D3-BF4B-00C04F79EFBC}") = "map-test.iOS", "iOS\map-test.iOS.csproj", "{D2BC5B7D-1005-4933-97FA-89215620BD53}"
EndProject
Project("{FAE04EC0-301F-11D3-BF4B-00C04F79EFBC}") = "map-test.Droid", "Droid\map-test.Droid.csproj", "{35FE657C-F1A3-497B-82C9-F9C3CADDDAB7}"
EndProject
Global
	GlobalSection(SolutionConfigurationPlatforms) = preSolution
		Debug|Any CPU = Debug|Any CPU
		Release|Any CPU = Release|Any CPU
		Debug|iPhoneSimulator = Debug|iPhoneSimulator
		Release|iPhone = Release|iPhone
		Release|iPhoneSimulator = Release|iPhoneSimulator
		Debug|iPhone = Debug|iPhone
	EndGlobalSection
	GlobalSection(ProjectConfigurationPlatforms) = postSolution
		{BB0BF81E-7E36-4518-ACA9-9DAF7D39BCF4}.Debug|Any CPU.ActiveCfg = Debug|Any CPU
		{BB0BF81E-7E36-4518-ACA9-9DAF7D39BCF4}.Debug|Any CPU.Build.0 = Debug|Any CPU
		{BB0BF81E-7E36-4518-ACA9-9DAF7D39BCF4}.Release|Any CPU.ActiveCfg = Release|Any CPU
		{BB0BF81E-7E36-4518-ACA9-9DAF7D39BCF4}.Release|Any CPU.Build.0 = Release|Any CPU
		{BB0BF81E-7E36-4518-ACA9-9DAF7D39BCF4}.Debug|iPhoneSimulator.ActiveCfg = Debug|Any CPU
		{BB0BF81E-7E36-4518-ACA9-9DAF7D39BCF4}.Debug|iPhoneSimulator.Build.0 = Debug|Any CPU
		{BB0BF81E-7E36-4518-ACA9-9DAF7D39BCF4}.Release|iPhone.ActiveCfg = Release|Any CPU
		{BB0BF81E-7E36-4518-ACA9-9DAF7D39BCF4}.Release|iPhone.Build.0 = Release|Any CPU
		{BB0BF81E-7E36-4518-ACA9-9DAF7D39BCF4}.Release|iPhoneSimulator.ActiveCfg = Release|Any CPU
		{BB0BF81E-7E36-4518-ACA9-9DAF7D39BCF4}.Release|iPhoneSimulator.Build.0 = Release|Any CPU
		{BB0BF81E-7E36-4518-ACA9-9DAF7D39BCF4}.Debug|iPhone.ActiveCfg = Debug|Any CPU
		{BB0BF81E-7E36-4518-ACA9-9DAF7D39BCF4}.Debug|iPhone.Build.0 = Debug|Any CPU
		{D2BC5B7D-1005-4933-97FA-89215620BD53}.Debug|Any CPU.ActiveCfg = Debug|iPhoneSimulator
		{D2BC5B7D-1005-4933-97FA-89215620BD53}.Debug|Any CPU.Build.0 = Debug|iPhoneSimulator
		{D2BC5B7D-1005-4933-97FA-89215620BD53}.Release|Any CPU.ActiveCfg = Release|iPhone
		{D2BC5B7D-1005-4933-97FA-89215620BD53}.Release|Any CPU.Build.0 = Release|iPhone
		{D2BC5B7D-1005-4933-97FA-89215620BD53}.Debug|iPhoneSimulator.ActiveCfg = Debug|iPhoneSimulator
		{D2BC5B7D-1005-4933-97FA-89215620BD53}.Debug|iPhoneSimulator.Build.0 = Debug|iPhoneSimulator
		{D2BC5B7D-1005-4933-97FA-89215620BD53}.Release|iPhone.ActiveCfg = Release|iPhone
		{D2BC5B7D-1005-4933-97FA-89215620BD53}.Release|iPhone.Build.0 = Release|iPhone
		{D2BC5B7D-1005-4933-97FA-89215620BD53}.Release|iPhoneSimulator.ActiveCfg = Release|iPhoneSimulator
		{D2BC5B7D-1005-4933-97FA-89215620BD53}.Release|iPhoneSimulator.Build.0 = Release|iPhoneSimulator
		{D2BC5B7D-1005-4933-97FA-89215620BD53}.Debug|iPhone.ActiveCfg = Debug|iPhone
		{D2BC5B7D-1005-4933-97FA-89215620BD53}.Debug|iPhone.Build.0 = Debug|iPhone
		{35FE657C-F1A3-497B-82C9-F9C3CADDDAB7}.Debug|Any CPU.ActiveCfg = Debug|Any CPU
		{35FE657C-F1A3-497B-82C9-F9C3CADDDAB7}.Debug|Any CPU.Build.0 = Debug|Any CPU
		{35FE657C-F1A3-497B-82C9-F9C3CADDDAB7}.Release|Any CPU.ActiveCfg = Release|Any CPU
		{35FE657C-F1A3-497B-82C9-F9C3CADDDAB7}.Release|Any CPU.Build.0 = Release|Any CPU
		{35FE657C-F1A3-497B-82C9-F9C3CADDDAB7}.Debug|iPhoneSimulator.ActiveCfg = Debug|Any CPU
		{35FE657C-F1A3-497B-82C9-F9C3CADDDAB7}.Debug|iPhoneSimulator.Build.0 = Debug|Any CPU
		{35FE657C-F1A3-497B-82C9-F9C3CADDDAB7}.Release|iPhone.ActiveCfg = Release|Any CPU
		{35FE657C-F1A3-497B-82C9-F9C3CADDDAB7}.Release|iPhone.Build.0 = Release|Any CPU
		{35FE657C-F1A3-497B-82C9-F9C3CADDDAB7}.Release|iPhoneSimulator.ActiveCfg = Release|Any CPU
		{35FE657C-F1A3-497B-82C9-F9C3CADDDAB7}.Release|iPhoneSimulator.Build.0 = Release|Any CPU
		{35FE657C-F1A3-497B-82C9-F9C3CADDDAB7}.Debug|iPhone.ActiveCfg = Debug|Any CPU
		{35FE657C-F1A3-497B-82C9-F9C3CADDDAB7}.Debug|iPhone.Build.0 = Debug|Any CPU
	EndGlobalSection
EndGlobal
